
Microsoft Visual Studio Solution File, Format Version 12.00
# Visual Studio Version 16
VisualStudioVersion = 16.0.29201.188
MinimumVisualStudioVersion = 10.0.40219.1
Project("{FAE04EC0-301F-11D3-BF4B-00C04F79EFBC}") = "bai1", "bai1\bai1.csproj", "{D78B06C3-3213-48E5-A67E-B3CC6CD0C24B}"
EndProject
Global
	GlobalSection(SolutionConfigurationPlatforms) = preSolution
		Debug|Any CPU = Debug|Any CPU
		Release|Any CPU = Release|Any CPU
	EndGlobalSection
	GlobalSection(ProjectConfigurationPlatforms) = postSolution
		{D78B06C3-3213-48E5-A67E-B3CC6CD0C24B}.Debug|Any CPU.ActiveCfg = Debug|Any CPU
		{D78B06C3-3213-48E5-A67E-B3CC6CD0C24B}.Debug|Any CPU.Build.0 = Debug|Any CPU
		{D78B06C3-3213-48E5-A67E-B3CC6CD0C24B}.Release|Any CPU.ActiveCfg = Release|Any CPU
		{D78B06C3-3213-48E5-A67E-B3CC6CD0C24B}.Release|Any CPU.Build.0 = Release|Any CPU
	EndGlobalSection
	GlobalSection(SolutionProperties) = preSolution
		HideSolutionNode = FALSE
	EndGlobalSection
	GlobalSection(ExtensibilityGlobals) = postSolution
		SolutionGuid = {2867CB45-B507-4B52-B1C5-2A4C27F81111}
	EndGlobalSection
EndGlobal
