
Microsoft Visual Studio Solution File, Format Version 12.00
# Visual Studio Version 16
VisualStudioVersion = 16.0.29209.62
MinimumVisualStudioVersion = 10.0.40219.1
Project("{FAE04EC0-301F-11D3-BF4B-00C04F79EFBC}") = "CauTrucDuLieuVaGiaiThuat1", "CauTrucDuLieuVaGiaiThuat1\CauTrucDuLieuVaGiaiThuat1.csproj", "{145034F8-EA51-4DC1-8AA4-428F5DDFB537}"
EndProject
Global
	GlobalSection(SolutionConfigurationPlatforms) = preSolution
		Debug|Any CPU = Debug|Any CPU
		Release|Any CPU = Release|Any CPU
	EndGlobalSection
	GlobalSection(ProjectConfigurationPlatforms) = postSolution
		{145034F8-EA51-4DC1-8AA4-428F5DDFB537}.Debug|Any CPU.ActiveCfg = Debug|Any CPU
		{145034F8-EA51-4DC1-8AA4-428F5DDFB537}.Debug|Any CPU.Build.0 = Debug|Any CPU
		{145034F8-EA51-4DC1-8AA4-428F5DDFB537}.Release|Any CPU.ActiveCfg = Release|Any CPU
		{145034F8-EA51-4DC1-8AA4-428F5DDFB537}.Release|Any CPU.Build.0 = Release|Any CPU
	EndGlobalSection
	GlobalSection(SolutionProperties) = preSolution
		HideSolutionNode = FALSE
	EndGlobalSection
	GlobalSection(ExtensibilityGlobals) = postSolution
		SolutionGuid = {95215A31-D2C3-4531-9F89-6FFCB64E5D1A}
	EndGlobalSection
EndGlobal
